{
  "name": "mlz-lint",
  "version": "1.0.0",
  "lockfileVersion": 1,
  "requires": true,
  "dependencies": {
    "doctrine": {
      "version": "0.7.2",
      "resolved": "https://registry.npm.taobao.org/doctrine/download/doctrine-0.7.2.tgz",
      "integrity": "sha1-fLhgNZujvpDgQLJrcpzkv6ZUxSM=",
      "requires": {
        "esutils": "^1.1.6",
        "isarray": "0.0.1"
      }
    },
    "esutils": {
      "version": "1.1.6",
      "resolved": "https://registry.npm.taobao.org/esutils/download/esutils-1.1.6.tgz?cache=0&sync_timestamp=1564535492241&other_urls=https%3A%2F%2Fregistry.npm.taobao.org%2Fesutils%2Fdownload%2Fesutils-1.1.6.tgz",
      "integrity": "sha1-wBzKqa5LiXxtDD4hCuUvPHqEQ3U="
    },
    "isarray": {
      "version": "0.0.1",
      "resolved": "https://registry.npm.taobao.org/isarray/download/isarray-0.0.1.tgz?cache=0&sync_timestamp=1562592096220&other_urls=https%3A%2F%2Fregistry.npm.taobao.org%2Fisarray%2Fdownload%2Fisarray-0.0.1.tgz",
      "integrity": "sha1-ihis/Kmo9Bd+Cav8YDiTmwXR7t8="
    },
    "tslib": {
      "version": "1.9.0",
      "resolved": "https://registry.npm.taobao.org/tslib/download/tslib-1.9.0.tgz",
      "integrity": "sha1-43qG/ajLuvI6BX9HPJ9Nxk5fwug="
    },
    "tslint-eslint-rules": {
      "version": "5.4.0",
      "resolved": "https://registry.npm.taobao.org/tslint-eslint-rules/download/tslint-eslint-rules-5.4.0.tgz",
      "integrity": "sha1-5IjMkYG/GT/lzXv8ohOnaV8XN7U=",
      "requires": {
        "doctrine": "0.7.2",
        "tslib": "1.9.0",
        "tsutils": "^3.0.0"
      }
    },
    "tsutils": {
      "version": "3.17.1",
      "resolved": "https://registry.npm.taobao.org/tsutils/download/tsutils-3.17.1.tgz",
      "integrity": "sha1-7XGZF/EcoN7lhicrKsSeAVot11k=",
      "requires": {
        "tslib": "^1.8.1"
      }
    }
  }
}
